{
    "_readme": [
        "This file locks the dependencies of your project to a known state",
        "Read more about it at https://getcomposer.org/doc/01-basic-usage.md#installing-dependencies",
        "This file is @generated automatically"
    ],
    "content-hash": "996172cbd40ab6f7d984014ff1c1dd41",
    "packages": [
        {
            "name": "spatie/html-element",
            "version": "1.1.4",
            "source": {
                "type": "git",
                "url": "https://github.com/spatie/html-element.git",
                "reference": "9414b6139943e935dd90670d475886a1a6267dd2"
            },
            "dist": {
                "type": "zip",
                "url": "https://api.github.com/repos/spatie/html-element/zipball/9414b6139943e935dd90670d475886a1a6267dd2",
                "reference": "9414b6139943e935dd90670d475886a1a6267dd2",
                "shasum": ""
            },
            "require": {
                "php": "^7.3|^8.0"
            },
            "require-dev": {
                "dms/phpunit-arraysubset-asserts": "^0.3.1",
                "phpunit/phpunit": "^9.5",
                "vimeo/psalm": "^4.13"
            },
            "type": "library",
            "autoload": {
                "psr-4": {
                    "Spatie\\HtmlElement\\": "src"
                }
            },
            "notification-url": "https://packagist.org/downloads/",
            "license": [
                "MIT"
            ],
            "authors": [
                {
                    "name": "Sebastian De Deyne",
                    "email": "sebastian@spatie.be",
                    "homepage": "https://spatie.be",
                    "role": "Developer"
                }
            ],
            "description": "Html rendering in php inspired by hyperscript",
            "homepage": "https://github.com/spatie/html-element",
            "keywords": [
                "html-element",
                "spatie"
            ],
            "support": {
                "issues": "https://github.com/spatie/html-element/issues",
                "source": "https://github.com/spatie/html-element/tree/1.1.4"
            },
            "funding": [
                {
                    "url": "https://github.com/spatie",
                    "type": "github"
                }
            ],
            "time": "2022-01-09T10:11:29+00:00"
        }
    ],
    "packages-dev": [],
    "aliases": [],
    "minimum-stability": "stable",
    "stability-flags": {},
    "prefer-stable": false,
    "prefer-lowest": false,
    "platform": {},
    "platform-dev": {},
    "plugin-api-version": "2.6.0"
}
